
Microsoft Visual Studio Solution File, Format Version 12.00
# Visual Studio Version 17
VisualStudioVersion = 17.8.34511.84
MinimumVisualStudioVersion = 10.0.40219.1
Project("{FAE04EC0-301F-11D3-BF4B-00C04F79EFBC}") = "Pergunta_E_Resposta", "Pergunta_E_Resposta\Pergunta_E_Resposta.csproj", "{0E15D386-1F2F-41B5-A470-97F801881AA1}"
EndProject
Global
	GlobalSection(SolutionConfigurationPlatforms) = preSolution
		Debug|Any CPU = Debug|Any CPU
		Release|Any CPU = Release|Any CPU
	EndGlobalSection
	GlobalSection(ProjectConfigurationPlatforms) = postSolution
		{0E15D386-1F2F-41B5-A470-97F801881AA1}.Debug|Any CPU.ActiveCfg = Debug|Any CPU
		{0E15D386-1F2F-41B5-A470-97F801881AA1}.Debug|Any CPU.Build.0 = Debug|Any CPU
		{0E15D386-1F2F-41B5-A470-97F801881AA1}.Release|Any CPU.ActiveCfg = Release|Any CPU
		{0E15D386-1F2F-41B5-A470-97F801881AA1}.Release|Any CPU.Build.0 = Release|Any CPU
	EndGlobalSection
	GlobalSection(SolutionProperties) = preSolution
		HideSolutionNode = FALSE
	EndGlobalSection
	GlobalSection(ExtensibilityGlobals) = postSolution
		SolutionGuid = {5E79DAFA-7759-43C5-BE18-AE141F6387A5}
	EndGlobalSection
EndGlobal
